
Microsoft Visual Studio Solution File, Format Version 12.00
# Visual Studio Version 16
VisualStudioVersion = 16.0.30717.126
MinimumVisualStudioVersion = 10.0.40219.1
Project("{FAE04EC0-301F-11D3-BF4B-00C04F79EFBC}") = "testLesson", "testLesson\testLesson.csproj", "{2B56178E-ED81-45B9-B409-35124591F98F}"
EndProject
Project("{FAE04EC0-301F-11D3-BF4B-00C04F79EFBC}") = "Containers", "Containers\Containers.csproj", "{9D418C51-EE0D-4203-AB74-771E1241E954}"
EndProject
Global
	GlobalSection(SolutionConfigurationPlatforms) = preSolution
		Debug|Any CPU = Debug|Any CPU
		Release|Any CPU = Release|Any CPU
	EndGlobalSection
	GlobalSection(ProjectConfigurationPlatforms) = postSolution
		{2B56178E-ED81-45B9-B409-35124591F98F}.Debug|Any CPU.ActiveCfg = Debug|Any CPU
		{2B56178E-ED81-45B9-B409-35124591F98F}.Debug|Any CPU.Build.0 = Debug|Any CPU
		{2B56178E-ED81-45B9-B409-35124591F98F}.Release|Any CPU.ActiveCfg = Release|Any CPU
		{2B56178E-ED81-45B9-B409-35124591F98F}.Release|Any CPU.Build.0 = Release|Any CPU
		{9D418C51-EE0D-4203-AB74-771E1241E954}.Debug|Any CPU.ActiveCfg = Debug|Any CPU
		{9D418C51-EE0D-4203-AB74-771E1241E954}.Debug|Any CPU.Build.0 = Debug|Any CPU
		{9D418C51-EE0D-4203-AB74-771E1241E954}.Release|Any CPU.ActiveCfg = Release|Any CPU
		{9D418C51-EE0D-4203-AB74-771E1241E954}.Release|Any CPU.Build.0 = Release|Any CPU
	EndGlobalSection
	GlobalSection(SolutionProperties) = preSolution
		HideSolutionNode = FALSE
	EndGlobalSection
	GlobalSection(ExtensibilityGlobals) = postSolution
		SolutionGuid = {DB51961B-03E3-4F69-BBCD-C35759FA683E}
	EndGlobalSection
EndGlobal
